
Microsoft Visual Studio Solution File, Format Version 12.00
# Visual Studio Version 17
VisualStudioVersion = 17.14.36603.0
MinimumVisualStudioVersion = 10.0.40219.1
Project("{FAE04EC0-301F-11D3-BF4B-00C04F79EFBC}") = "WayPrecision", "WayPrecision\WayPrecision.csproj", "{9200E4BD-8ABB-F140-1AF4-896CA8F62901}"
EndProject
Global
	GlobalSection(SolutionConfigurationPlatforms) = preSolution
		Debug|Any CPU = Debug|Any CPU
		Release|Any CPU = Release|Any CPU
	EndGlobalSection
	GlobalSection(ProjectConfigurationPlatforms) = postSolution
		{9200E4BD-8ABB-F140-1AF4-896CA8F62901}.Debug|Any CPU.ActiveCfg = Debug|Any CPU
		{9200E4BD-8ABB-F140-1AF4-896CA8F62901}.Debug|Any CPU.Build.0 = Debug|Any CPU
		{9200E4BD-8ABB-F140-1AF4-896CA8F62901}.Release|Any CPU.ActiveCfg = Release|Any CPU
		{9200E4BD-8ABB-F140-1AF4-896CA8F62901}.Release|Any CPU.Build.0 = Release|Any CPU
	EndGlobalSection
	GlobalSection(SolutionProperties) = preSolution
		HideSolutionNode = FALSE
	EndGlobalSection
	GlobalSection(ExtensibilityGlobals) = postSolution
		SolutionGuid = {96DE0839-9BE5-41DB-809D-2170E8039E7C}
	EndGlobalSection
EndGlobal
